
Microsoft Visual Studio Solution File, Format Version 12.00
# Visual Studio 14
VisualStudioVersion = 14.0.25420.1
MinimumVisualStudioVersion = 10.0.40219.1
Project("{FAE04EC0-301F-11D3-BF4B-00C04F79EFBC}") = "MyCalculator", "MyCalculator\MyCalculator.csproj", "{CCF28E3C-C471-4462-AB16-D8B66EE098F6}"
EndProject
Project("{FAE04EC0-301F-11D3-BF4B-00C04F79EFBC}") = "MyCalculator.Test", "MyCalculator.Test\MyCalculator.Test.csproj", "{F51B8280-3BD7-460A-881A-70DA982A2401}"
EndProject
Global
	GlobalSection(SolutionConfigurationPlatforms) = preSolution
		Debug|Any CPU = Debug|Any CPU
		Release|Any CPU = Release|Any CPU
	EndGlobalSection
	GlobalSection(ProjectConfigurationPlatforms) = postSolution
		{CCF28E3C-C471-4462-AB16-D8B66EE098F6}.Debug|Any CPU.ActiveCfg = Debug|Any CPU
		{CCF28E3C-C471-4462-AB16-D8B66EE098F6}.Debug|Any CPU.Build.0 = Debug|Any CPU
		{CCF28E3C-C471-4462-AB16-D8B66EE098F6}.Release|Any CPU.ActiveCfg = Release|Any CPU
		{CCF28E3C-C471-4462-AB16-D8B66EE098F6}.Release|Any CPU.Build.0 = Release|Any CPU
		{F51B8280-3BD7-460A-881A-70DA982A2401}.Debug|Any CPU.ActiveCfg = Debug|Any CPU
		{F51B8280-3BD7-460A-881A-70DA982A2401}.Debug|Any CPU.Build.0 = Debug|Any CPU
		{F51B8280-3BD7-460A-881A-70DA982A2401}.Release|Any CPU.ActiveCfg = Release|Any CPU
		{F51B8280-3BD7-460A-881A-70DA982A2401}.Release|Any CPU.Build.0 = Release|Any CPU
	EndGlobalSection
	GlobalSection(SolutionProperties) = preSolution
		HideSolutionNode = FALSE
	EndGlobalSection
EndGlobal
